
Microsoft Visual Studio Solution File, Format Version 12.00
# Visual Studio Version 16
VisualStudioVersion = 16.0.32407.337
MinimumVisualStudioVersion = 10.0.40219.1
Project("{9A19103F-16F7-4668-BE54-9A1E7A4F7556}") = "FinalProjectAppLayer", "FinalProjectAppLayer\FinalProjectAppLayer.csproj", "{DE4C3FBF-1FE9-4289-9211-22F177B213BA}"
EndProject
Project("{9A19103F-16F7-4668-BE54-9A1E7A4F7556}") = "FinalProjectBusinessLayer", "FinalProjectBusinessLayer\FinalProjectBusinessLayer.csproj", "{5FFF24E5-4D28-4FF0-91F8-8E05C46604B2}"
EndProject
Global
	GlobalSection(SolutionConfigurationPlatforms) = preSolution
		Debug|Any CPU = Debug|Any CPU
		Release|Any CPU = Release|Any CPU
	EndGlobalSection
	GlobalSection(ProjectConfigurationPlatforms) = postSolution
		{DE4C3FBF-1FE9-4289-9211-22F177B213BA}.Debug|Any CPU.ActiveCfg = Debug|Any CPU
		{DE4C3FBF-1FE9-4289-9211-22F177B213BA}.Debug|Any CPU.Build.0 = Debug|Any CPU
		{DE4C3FBF-1FE9-4289-9211-22F177B213BA}.Release|Any CPU.ActiveCfg = Release|Any CPU
		{DE4C3FBF-1FE9-4289-9211-22F177B213BA}.Release|Any CPU.Build.0 = Release|Any CPU
		{5FFF24E5-4D28-4FF0-91F8-8E05C46604B2}.Debug|Any CPU.ActiveCfg = Debug|Any CPU
		{5FFF24E5-4D28-4FF0-91F8-8E05C46604B2}.Debug|Any CPU.Build.0 = Debug|Any CPU
		{5FFF24E5-4D28-4FF0-91F8-8E05C46604B2}.Release|Any CPU.ActiveCfg = Release|Any CPU
		{5FFF24E5-4D28-4FF0-91F8-8E05C46604B2}.Release|Any CPU.Build.0 = Release|Any CPU
	EndGlobalSection
	GlobalSection(SolutionProperties) = preSolution
		HideSolutionNode = FALSE
	EndGlobalSection
	GlobalSection(ExtensibilityGlobals) = postSolution
		SolutionGuid = {730E4CA3-3A4E-40BB-A7A0-1B0D51FCC2CC}
	EndGlobalSection
EndGlobal
